
Microsoft Visual Studio Solution File, Format Version 12.00
# Visual Studio 14
VisualStudioVersion = 14.0.25420.1
MinimumVisualStudioVersion = 10.0.40219.1
Project("{8BC9CEB8-8B4A-11D0-8D11-00A0C91BC942}") = "exa1-2", "chapter1\exa1-2\exa1-2.vcxproj", "{78C277F5-B94D-4E33-AA3E-9DF30A5ADD54}"
EndProject
Project("{8BC9CEB8-8B4A-11D0-8D11-00A0C91BC942}") = "exa1-3", "exa1-3\exa1-3.vcxproj", "{E8BA896F-F2BC-4501-9A9C-0EA5865B30E1}"
EndProject
Project("{8BC9CEB8-8B4A-11D0-8D11-00A0C91BC942}") = "exa2-2", "scope\scope.vcxproj", "{BA20B49C-AA87-4E4F-8D05-A8E5737B6AC7}"
EndProject
Project("{8BC9CEB8-8B4A-11D0-8D11-00A0C91BC942}") = "exa3-1", "exa3-1\exa3-1.vcxproj", "{FAB6C022-34F5-4042-BA0F-E83BADA3400B}"
EndProject
Project("{8BC9CEB8-8B4A-11D0-8D11-00A0C91BC942}") = "exa3-2", "exa3-2\exa3-2.vcxproj", "{55B35155-07BF-4820-AEE6-C0BD85234AD1}"
EndProject
Project("{8BC9CEB8-8B4A-11D0-8D11-00A0C91BC942}") = "exa3-3", "exa3-3\exa3-3.vcxproj", "{C3225A6B-F3F9-48A1-876C-C1CDA6356197}"
EndProject
Project("{8BC9CEB8-8B4A-11D0-8D11-00A0C91BC942}") = "exam3-4", "exam3-4\exam3-4.vcxproj", "{E3D979DF-2D9E-42E9-9B1D-3BEFDE5BF607}"
EndProject
Project("{8BC9CEB8-8B4A-11D0-8D11-00A0C91BC942}") = "exam3-5", "exam3-5\exam3-5.vcxproj", "{CA128FC5-5EE3-4621-AD47-815A3CA88C32}"
EndProject
Project("{8BC9CEB8-8B4A-11D0-8D11-00A0C91BC942}") = "exam3-6", "exam3-6\exam3-6.vcxproj", "{10566DE0-239D-48C1-A1C7-DF73DBFF7E4F}"
EndProject
Project("{8BC9CEB8-8B4A-11D0-8D11-00A0C91BC942}") = "prog3-7", "prog3-7\prog3-7.vcxproj", "{0D3D851E-3D40-4169-A42C-555F3D3DCC1C}"
EndProject
Project("{8BC9CEB8-8B4A-11D0-8D11-00A0C91BC942}") = "prog3-8", "prog3-8\prog3-8.vcxproj", "{9BE8C430-694D-4FE5-8B2A-930E66C91362}"
EndProject
Project("{8BC9CEB8-8B4A-11D0-8D11-00A0C91BC942}") = "prog3-9", "prog3-9\prog3-9.vcxproj", "{733B3FE1-616D-4E87-B1BD-77D07F39D205}"
EndProject
Project("{8BC9CEB8-8B4A-11D0-8D11-00A0C91BC942}") = "prog3-10", "prog3-10\prog3-10.vcxproj", "{AF3D827D-A104-45A3-B6D6-9CD5B064EFE3}"
EndProject
Project("{8BC9CEB8-8B4A-11D0-8D11-00A0C91BC942}") = "prog3-11", "prog3-11\prog3-11.vcxproj", "{8FF89887-99DB-418C-8B04-ED26A2480336}"
EndProject
Project("{8BC9CEB8-8B4A-11D0-8D11-00A0C91BC942}") = "prog4-2", "prog3-12\prog3-12.vcxproj", "{E8C3F2BE-DD02-4118-8E47-1AFB09ED9C0A}"
EndProject
Project("{8BC9CEB8-8B4A-11D0-8D11-00A0C91BC942}") = "prog4-1", "prog4-1\prog4-1.vcxproj", "{77FBE3AD-7A82-4110-9631-803B2522D4AF}"
EndProject
Project("{8BC9CEB8-8B4A-11D0-8D11-00A0C91BC942}") = "prog4-3", "prog4-3\prog4-3.vcxproj", "{59D0B5A9-F344-4923-B17B-01198DF9BE20}"
EndProject
Project("{8BC9CEB8-8B4A-11D0-8D11-00A0C91BC942}") = "prog4-4", "prog4-4\prog4-4.vcxproj", "{018596CA-ED85-4125-8C52-720DE6AE1D20}"
EndProject
Project("{8BC9CEB8-8B4A-11D0-8D11-00A0C91BC942}") = "prog4-5", "prog4-5\prog4-5.vcxproj", "{9E9B2D30-A5EC-4B99-8E03-2D8B97D1B557}"
EndProject
Project("{8BC9CEB8-8B4A-11D0-8D11-00A0C91BC942}") = "prog5-1", "prog5-1\prog5-1.vcxproj", "{1DAD8336-8565-4FD1-B28E-638F84AA1895}"
EndProject
Project("{8BC9CEB8-8B4A-11D0-8D11-00A0C91BC942}") = "prog5-2", "prog5-2\prog5-2.vcxproj", "{95A2AD04-8A87-49DD-A57A-D423C1FE84BB}"
EndProject
Project("{8BC9CEB8-8B4A-11D0-8D11-00A0C91BC942}") = "prog5-3", "prog5-3\prog5-3.vcxproj", "{FCC9AFBB-7D61-4888-9957-9EB881882789}"
EndProject
Project("{8BC9CEB8-8B4A-11D0-8D11-00A0C91BC942}") = "prog5-recursive", "prog5-recursive\prog5-recursive.vcxproj", "{BA0FC890-5419-4E30-85CE-AEBB123E244A}"
EndProject
Project("{8BC9CEB8-8B4A-11D0-8D11-00A0C91BC942}") = "prog5-4", "prog5-4\prog5-4.vcxproj", "{9A0D6096-B539-4B06-8836-D63782384937}"
EndProject
Project("{8BC9CEB8-8B4A-11D0-8D11-00A0C91BC942}") = "prog5-5", "prog5-5\prog5-5.vcxproj", "{D16222EA-6FF2-4F82-9F05-69FEA91A1AC1}"
EndProject
Project("{8BC9CEB8-8B4A-11D0-8D11-00A0C91BC942}") = "prog6-1", "prog6-1\prog6-1.vcxproj", "{43388538-6EBB-488F-A1F4-3C35881253A7}"
EndProject
Project("{8BC9CEB8-8B4A-11D0-8D11-00A0C91BC942}") = "prog6-2", "prog6-2\prog6-2.vcxproj", "{B7A692E0-8101-4095-9CF2-2DD7417EE51D}"
EndProject
Project("{8BC9CEB8-8B4A-11D0-8D11-00A0C91BC942}") = "prog6-3", "prog6-3\prog6-3.vcxproj", "{E32F8C1F-75C6-487F-BA53-EAD5153D5E4D}"
EndProject
Project("{8BC9CEB8-8B4A-11D0-8D11-00A0C91BC942}") = "prog7-1", "prog7-1\prog7-1.vcxproj", "{AAF4D3D5-4479-4928-9E8D-221035CC01F8}"
EndProject
Project("{8BC9CEB8-8B4A-11D0-8D11-00A0C91BC942}") = "prog8-3", "prog8-3\prog8-3.vcxproj", "{46F98102-4460-40AD-B7D0-64D6622FBEE2}"
EndProject
Project("{8BC9CEB8-8B4A-11D0-8D11-00A0C91BC942}") = "prog9-1", "prog9-1\prog9-1.vcxproj", "{311602A5-D367-4EEA-9CA8-F254F667A4F5}"
EndProject
Project("{8BC9CEB8-8B4A-11D0-8D11-00A0C91BC942}") = "prog9-2", "prog9-2\prog9-2.vcxproj", "{4F0E193B-6CFA-43C5-AFE5-A89A0D3DBA1B}"
EndProject
Project("{8BC9CEB8-8B4A-11D0-8D11-00A0C91BC942}") = "prog8-5", "prog8-5\prog8-5.vcxproj", "{A400735E-2D94-4C49-B8B9-3215B32BD7B3}"
EndProject
Project("{8BC9CEB8-8B4A-11D0-8D11-00A0C91BC942}") = "prog10-1", "prog10-1\prog10-1.vcxproj", "{792A93EA-970E-4C08-81D6-7386604CFEE0}"
EndProject
Project("{8BC9CEB8-8B4A-11D0-8D11-00A0C91BC942}") = "prog11-1", "prog11-1\prog11-1.vcxproj", "{144CA5EF-B69B-4DBB-A7F4-E54B72337707}"
EndProject
Project("{8BC9CEB8-8B4A-11D0-8D11-00A0C91BC942}") = "prog8-4", "prog8-4\prog8-4.vcxproj", "{08594AD3-6DB3-4A29-9934-3D484C7AD163}"
EndProject
Project("{8BC9CEB8-8B4A-11D0-8D11-00A0C91BC942}") = "prog8-1", "prog8-1\prog7-2.vcxproj", "{07AFB849-8FBF-490A-93C6-6E5FD4B474B9}"
EndProject
Project("{8BC9CEB8-8B4A-11D0-8D11-00A0C91BC942}") = "prog8-2", "prog8-2\prog7-3.vcxproj", "{A23E31EE-2C5A-4B7B-AABB-DDA8D0DADD54}"
EndProject
Project("{8BC9CEB8-8B4A-11D0-8D11-00A0C91BC942}") = "prog12-1", "prog12-1\prog12-1.vcxproj", "{FBE2B8F9-0AFA-4581-8921-1E2077E78E7E}"
EndProject
Project("{8BC9CEB8-8B4A-11D0-8D11-00A0C91BC942}") = "prog12-2", "prog12-2\prog12-2.vcxproj", "{9E066F64-9B35-4EAD-9BBE-95D9A1901AB7}"
EndProject
Project("{8BC9CEB8-8B4A-11D0-8D11-00A0C91BC942}") = "prog9-3", "prog9-3\prog9-3.vcxproj", "{CA540385-4FBC-47DD-A1EC-D606AE47098D}"
EndProject
Project("{8BC9CEB8-8B4A-11D0-8D11-00A0C91BC942}") = "prog12-3", "prog12-3\prog12-3.vcxproj", "{BE9A947D-978A-4B85-9F54-F4CAED10A628}"
EndProject
Project("{8BC9CEB8-8B4A-11D0-8D11-00A0C91BC942}") = "prog12-5", "prog12-4\prog12-4.vcxproj", "{999BF9FA-038D-43A7-A8A8-B62B39D318B4}"
EndProject
Project("{8BC9CEB8-8B4A-11D0-8D11-00A0C91BC942}") = "prog12-4", "prog12-5\prog12-5.vcxproj", "{F39E930E-C188-407A-9616-11BF91C7422D}"
EndProject
Project("{8BC9CEB8-8B4A-11D0-8D11-00A0C91BC942}") = "prog12-6", "prog12-6\prog12-6.vcxproj", "{FF587327-FF90-485E-AB7D-B2E5B8775D51}"
EndProject
Project("{8BC9CEB8-8B4A-11D0-8D11-00A0C91BC942}") = "prog6-4", "prog6-4\prog6-4.vcxproj", "{53AAAD7D-036E-46A3-AC34-6A21E18D4D2F}"
EndProject
Project("{8BC9CEB8-8B4A-11D0-8D11-00A0C91BC942}") = "prog1-1", "prog1-1\prog1-1.vcxproj", "{0BA2990E-B0B3-411A-9A1D-AEDB9A6B401D}"
EndProject
Global
	GlobalSection(SolutionConfigurationPlatforms) = preSolution
		Debug|x64 = Debug|x64
		Debug|x86 = Debug|x86
		Release|x64 = Release|x64
		Release|x86 = Release|x86
	EndGlobalSection
	GlobalSection(ProjectConfigurationPlatforms) = postSolution
		{78C277F5-B94D-4E33-AA3E-9DF30A5ADD54}.Debug|x64.ActiveCfg = Debug|x64
		{78C277F5-B94D-4E33-AA3E-9DF30A5ADD54}.Debug|x64.Build.0 = Debug|x64
		{78C277F5-B94D-4E33-AA3E-9DF30A5ADD54}.Debug|x86.ActiveCfg = Debug|Win32
		{78C277F5-B94D-4E33-AA3E-9DF30A5ADD54}.Debug|x86.Build.0 = Debug|Win32
		{78C277F5-B94D-4E33-AA3E-9DF30A5ADD54}.Release|x64.ActiveCfg = Release|x64
		{78C277F5-B94D-4E33-AA3E-9DF30A5ADD54}.Release|x64.Build.0 = Release|x64
		{78C277F5-B94D-4E33-AA3E-9DF30A5ADD54}.Release|x86.ActiveCfg = Release|Win32
		{78C277F5-B94D-4E33-AA3E-9DF30A5ADD54}.Release|x86.Build.0 = Release|Win32
		{E8BA896F-F2BC-4501-9A9C-0EA5865B30E1}.Debug|x64.ActiveCfg = Debug|x64
		{E8BA896F-F2BC-4501-9A9C-0EA5865B30E1}.Debug|x64.Build.0 = Debug|x64
		{E8BA896F-F2BC-4501-9A9C-0EA5865B30E1}.Debug|x86.ActiveCfg = Debug|Win32
		{E8BA896F-F2BC-4501-9A9C-0EA5865B30E1}.Debug|x86.Build.0 = Debug|Win32
		{E8BA896F-F2BC-4501-9A9C-0EA5865B30E1}.Release|x64.ActiveCfg = Release|x64
		{E8BA896F-F2BC-4501-9A9C-0EA5865B30E1}.Release|x64.Build.0 = Release|x64
		{E8BA896F-F2BC-4501-9A9C-0EA5865B30E1}.Release|x86.ActiveCfg = Release|Win32
		{E8BA896F-F2BC-4501-9A9C-0EA5865B30E1}.Release|x86.Build.0 = Release|Win32
		{BA20B49C-AA87-4E4F-8D05-A8E5737B6AC7}.Debug|x64.ActiveCfg = Debug|x64
		{BA20B49C-AA87-4E4F-8D05-A8E5737B6AC7}.Debug|x64.Build.0 = Debug|x64
		{BA20B49C-AA87-4E4F-8D05-A8E5737B6AC7}.Debug|x86.ActiveCfg = Debug|Win32
		{BA20B49C-AA87-4E4F-8D05-A8E5737B6AC7}.Debug|x86.Build.0 = Debug|Win32
		{BA20B49C-AA87-4E4F-8D05-A8E5737B6AC7}.Release|x64.ActiveCfg = Release|x64
		{BA20B49C-AA87-4E4F-8D05-A8E5737B6AC7}.Release|x64.Build.0 = Release|x64
		{BA20B49C-AA87-4E4F-8D05-A8E5737B6AC7}.Release|x86.ActiveCfg = Release|Win32
		{BA20B49C-AA87-4E4F-8D05-A8E5737B6AC7}.Release|x86.Build.0 = Release|Win32
		{FAB6C022-34F5-4042-BA0F-E83BADA3400B}.Debug|x64.ActiveCfg = Debug|x64
		{FAB6C022-34F5-4042-BA0F-E83BADA3400B}.Debug|x64.Build.0 = Debug|x64
		{FAB6C022-34F5-4042-BA0F-E83BADA3400B}.Debug|x86.ActiveCfg = Debug|Win32
		{FAB6C022-34F5-4042-BA0F-E83BADA3400B}.Debug|x86.Build.0 = Debug|Win32
		{FAB6C022-34F5-4042-BA0F-E83BADA3400B}.Release|x64.ActiveCfg = Release|x64
		{FAB6C022-34F5-4042-BA0F-E83BADA3400B}.Release|x64.Build.0 = Release|x64
		{FAB6C022-34F5-4042-BA0F-E83BADA3400B}.Release|x86.ActiveCfg = Release|Win32
		{FAB6C022-34F5-4042-BA0F-E83BADA3400B}.Release|x86.Build.0 = Release|Win32
		{55B35155-07BF-4820-AEE6-C0BD85234AD1}.Debug|x64.ActiveCfg = Debug|x64
		{55B35155-07BF-4820-AEE6-C0BD85234AD1}.Debug|x64.Build.0 = Debug|x64
		{55B35155-07BF-4820-AEE6-C0BD85234AD1}.Debug|x86.ActiveCfg = Debug|Win32
		{55B35155-07BF-4820-AEE6-C0BD85234AD1}.Debug|x86.Build.0 = Debug|Win32
		{55B35155-07BF-4820-AEE6-C0BD85234AD1}.Release|x64.ActiveCfg = Release|x64
		{55B35155-07BF-4820-AEE6-C0BD85234AD1}.Release|x64.Build.0 = Release|x64
		{55B35155-07BF-4820-AEE6-C0BD85234AD1}.Release|x86.ActiveCfg = Release|Win32
		{55B35155-07BF-4820-AEE6-C0BD85234AD1}.Release|x86.Build.0 = Release|Win32
		{C3225A6B-F3F9-48A1-876C-C1CDA6356197}.Debug|x64.ActiveCfg = Debug|x64
		{C3225A6B-F3F9-48A1-876C-C1CDA6356197}.Debug|x64.Build.0 = Debug|x64
		{C3225A6B-F3F9-48A1-876C-C1CDA6356197}.Debug|x86.ActiveCfg = Debug|Win32
		{C3225A6B-F3F9-48A1-876C-C1CDA6356197}.Debug|x86.Build.0 = Debug|Win32
		{C3225A6B-F3F9-48A1-876C-C1CDA6356197}.Release|x64.ActiveCfg = Release|x64
		{C3225A6B-F3F9-48A1-876C-C1CDA6356197}.Release|x64.Build.0 = Release|x64
		{C3225A6B-F3F9-48A1-876C-C1CDA6356197}.Release|x86.ActiveCfg = Release|Win32
		{C3225A6B-F3F9-48A1-876C-C1CDA6356197}.Release|x86.Build.0 = Release|Win32
		{E3D979DF-2D9E-42E9-9B1D-3BEFDE5BF607}.Debug|x64.ActiveCfg = Debug|x64
		{E3D979DF-2D9E-42E9-9B1D-3BEFDE5BF607}.Debug|x64.Build.0 = Debug|x64
		{E3D979DF-2D9E-42E9-9B1D-3BEFDE5BF607}.Debug|x86.ActiveCfg = Debug|Win32
		{E3D979DF-2D9E-42E9-9B1D-3BEFDE5BF607}.Debug|x86.Build.0 = Debug|Win32
		{E3D979DF-2D9E-42E9-9B1D-3BEFDE5BF607}.Release|x64.ActiveCfg = Release|x64
		{E3D979DF-2D9E-42E9-9B1D-3BEFDE5BF607}.Release|x64.Build.0 = Release|x64
		{E3D979DF-2D9E-42E9-9B1D-3BEFDE5BF607}.Release|x86.ActiveCfg = Release|Win32
		{E3D979DF-2D9E-42E9-9B1D-3BEFDE5BF607}.Release|x86.Build.0 = Release|Win32
		{CA128FC5-5EE3-4621-AD47-815A3CA88C32}.Debug|x64.ActiveCfg = Debug|x64
		{CA128FC5-5EE3-4621-AD47-815A3CA88C32}.Debug|x64.Build.0 = Debug|x64
		{CA128FC5-5EE3-4621-AD47-815A3CA88C32}.Debug|x86.ActiveCfg = Debug|Win32
		{CA128FC5-5EE3-4621-AD47-815A3CA88C32}.Debug|x86.Build.0 = Debug|Win32
		{CA128FC5-5EE3-4621-AD47-815A3CA88C32}.Release|x64.ActiveCfg = Release|x64
		{CA128FC5-5EE3-4621-AD47-815A3CA88C32}.Release|x64.Build.0 = Release|x64
		{CA128FC5-5EE3-4621-AD47-815A3CA88C32}.Release|x86.ActiveCfg = Release|Win32
		{CA128FC5-5EE3-4621-AD47-815A3CA88C32}.Release|x86.Build.0 = Release|Win32
		{10566DE0-239D-48C1-A1C7-DF73DBFF7E4F}.Debug|x64.ActiveCfg = Debug|x64
		{10566DE0-239D-48C1-A1C7-DF73DBFF7E4F}.Debug|x64.Build.0 = Debug|x64
		{10566DE0-239D-48C1-A1C7-DF73DBFF7E4F}.Debug|x86.ActiveCfg = Debug|Win32
		{10566DE0-239D-48C1-A1C7-DF73DBFF7E4F}.Debug|x86.Build.0 = Debug|Win32
		{10566DE0-239D-48C1-A1C7-DF73DBFF7E4F}.Release|x64.ActiveCfg = Release|x64
		{10566DE0-239D-48C1-A1C7-DF73DBFF7E4F}.Release|x64.Build.0 = Release|x64
		{10566DE0-239D-48C1-A1C7-DF73DBFF7E4F}.Release|x86.ActiveCfg = Release|Win32
		{10566DE0-239D-48C1-A1C7-DF73DBFF7E4F}.Release|x86.Build.0 = Release|Win32
		{0D3D851E-3D40-4169-A42C-555F3D3DCC1C}.Debug|x64.ActiveCfg = Debug|x64
		{0D3D851E-3D40-4169-A42C-555F3D3DCC1C}.Debug|x64.Build.0 = Debug|x64
		{0D3D851E-3D40-4169-A42C-555F3D3DCC1C}.Debug|x86.ActiveCfg = Debug|Win32
		{0D3D851E-3D40-4169-A42C-555F3D3DCC1C}.Debug|x86.Build.0 = Debug|Win32
		{0D3D851E-3D40-4169-A42C-555F3D3DCC1C}.Release|x64.ActiveCfg = Release|x64
		{0D3D851E-3D40-4169-A42C-555F3D3DCC1C}.Release|x64.Build.0 = Release|x64
		{0D3D851E-3D40-4169-A42C-555F3D3DCC1C}.Release|x86.ActiveCfg = Release|Win32
		{0D3D851E-3D40-4169-A42C-555F3D3DCC1C}.Release|x86.Build.0 = Release|Win32
		{9BE8C430-694D-4FE5-8B2A-930E66C91362}.Debug|x64.ActiveCfg = Debug|x64
		{9BE8C430-694D-4FE5-8B2A-930E66C91362}.Debug|x64.Build.0 = Debug|x64
		{9BE8C430-694D-4FE5-8B2A-930E66C91362}.Debug|x86.ActiveCfg = Debug|Win32
		{9BE8C430-694D-4FE5-8B2A-930E66C91362}.Debug|x86.Build.0 = Debug|Win32
		{9BE8C430-694D-4FE5-8B2A-930E66C91362}.Release|x64.ActiveCfg = Release|x64
		{9BE8C430-694D-4FE5-8B2A-930E66C91362}.Release|x64.Build.0 = Release|x64
		{9BE8C430-694D-4FE5-8B2A-930E66C91362}.Release|x86.ActiveCfg = Release|Win32
		{9BE8C430-694D-4FE5-8B2A-930E66C91362}.Release|x86.Build.0 = Release|Win32
		{733B3FE1-616D-4E87-B1BD-77D07F39D205}.Debug|x64.ActiveCfg = Debug|x64
		{733B3FE1-616D-4E87-B1BD-77D07F39D205}.Debug|x64.Build.0 = Debug|x64
		{733B3FE1-616D-4E87-B1BD-77D07F39D205}.Debug|x86.ActiveCfg = Debug|Win32
		{733B3FE1-616D-4E87-B1BD-77D07F39D205}.Debug|x86.Build.0 = Debug|Win32
		{733B3FE1-616D-4E87-B1BD-77D07F39D205}.Release|x64.ActiveCfg = Release|x64
		{733B3FE1-616D-4E87-B1BD-77D07F39D205}.Release|x64.Build.0 = Release|x64
		{733B3FE1-616D-4E87-B1BD-77D07F39D205}.Release|x86.ActiveCfg = Release|Win32
		{733B3FE1-616D-4E87-B1BD-77D07F39D205}.Release|x86.Build.0 = Release|Win32
		{AF3D827D-A104-45A3-B6D6-9CD5B064EFE3}.Debug|x64.ActiveCfg = Debug|x64
		{AF3D827D-A104-45A3-B6D6-9CD5B064EFE3}.Debug|x64.Build.0 = Debug|x64
		{AF3D827D-A104-45A3-B6D6-9CD5B064EFE3}.Debug|x86.ActiveCfg = Debug|Win32
		{AF3D827D-A104-45A3-B6D6-9CD5B064EFE3}.Debug|x86.Build.0 = Debug|Win32
		{AF3D827D-A104-45A3-B6D6-9CD5B064EFE3}.Release|x64.ActiveCfg = Release|x64
		{AF3D827D-A104-45A3-B6D6-9CD5B064EFE3}.Release|x64.Build.0 = Release|x64
		{AF3D827D-A104-45A3-B6D6-9CD5B064EFE3}.Release|x86.ActiveCfg = Release|Win32
		{AF3D827D-A104-45A3-B6D6-9CD5B064EFE3}.Release|x86.Build.0 = Release|Win32
		{8FF89887-99DB-418C-8B04-ED26A2480336}.Debug|x64.ActiveCfg = Debug|x64
		{8FF89887-99DB-418C-8B04-ED26A2480336}.Debug|x64.Build.0 = Debug|x64
		{8FF89887-99DB-418C-8B04-ED26A2480336}.Debug|x86.ActiveCfg = Debug|Win32
		{8FF89887-99DB-418C-8B04-ED26A2480336}.Debug|x86.Build.0 = Debug|Win32
		{8FF89887-99DB-418C-8B04-ED26A2480336}.Release|x64.ActiveCfg = Release|x64
		{8FF89887-99DB-418C-8B04-ED26A2480336}.Release|x64.Build.0 = Release|x64
		{8FF89887-99DB-418C-8B04-ED26A2480336}.Release|x86.ActiveCfg = Release|Win32
		{8FF89887-99DB-418C-8B04-ED26A2480336}.Release|x86.Build.0 = Release|Win32
		{E8C3F2BE-DD02-4118-8E47-1AFB09ED9C0A}.Debug|x64.ActiveCfg = Debug|x64
		{E8C3F2BE-DD02-4118-8E47-1AFB09ED9C0A}.Debug|x64.Build.0 = Debug|x64
		{E8C3F2BE-DD02-4118-8E47-1AFB09ED9C0A}.Debug|x86.ActiveCfg = Debug|Win32
		{E8C3F2BE-DD02-4118-8E47-1AFB09ED9C0A}.Debug|x86.Build.0 = Debug|Win32
		{E8C3F2BE-DD02-4118-8E47-1AFB09ED9C0A}.Release|x64.ActiveCfg = Release|x64
		{E8C3F2BE-DD02-4118-8E47-1AFB09ED9C0A}.Release|x64.Build.0 = Release|x64
		{E8C3F2BE-DD02-4118-8E47-1AFB09ED9C0A}.Release|x86.ActiveCfg = Release|Win32
		{E8C3F2BE-DD02-4118-8E47-1AFB09ED9C0A}.Release|x86.Build.0 = Release|Win32
		{77FBE3AD-7A82-4110-9631-803B2522D4AF}.Debug|x64.ActiveCfg = Debug|x64
		{77FBE3AD-7A82-4110-9631-803B2522D4AF}.Debug|x64.Build.0 = Debug|x64
		{77FBE3AD-7A82-4110-9631-803B2522D4AF}.Debug|x86.ActiveCfg = Debug|Win32
		{77FBE3AD-7A82-4110-9631-803B2522D4AF}.Debug|x86.Build.0 = Debug|Win32
		{77FBE3AD-7A82-4110-9631-803B2522D4AF}.Release|x64.ActiveCfg = Release|x64
		{77FBE3AD-7A82-4110-9631-803B2522D4AF}.Release|x64.Build.0 = Release|x64
		{77FBE3AD-7A82-4110-9631-803B2522D4AF}.Release|x86.ActiveCfg = Release|Win32
		{77FBE3AD-7A82-4110-9631-803B2522D4AF}.Release|x86.Build.0 = Release|Win32
		{59D0B5A9-F344-4923-B17B-01198DF9BE20}.Debug|x64.ActiveCfg = Debug|x64
		{59D0B5A9-F344-4923-B17B-01198DF9BE20}.Debug|x64.Build.0 = Debug|x64
		{59D0B5A9-F344-4923-B17B-01198DF9BE20}.Debug|x86.ActiveCfg = Debug|Win32
		{59D0B5A9-F344-4923-B17B-01198DF9BE20}.Debug|x86.Build.0 = Debug|Win32
		{59D0B5A9-F344-4923-B17B-01198DF9BE20}.Release|x64.ActiveCfg = Release|x64
		{59D0B5A9-F344-4923-B17B-01198DF9BE20}.Release|x64.Build.0 = Release|x64
		{59D0B5A9-F344-4923-B17B-01198DF9BE20}.Release|x86.ActiveCfg = Release|Win32
		{59D0B5A9-F344-4923-B17B-01198DF9BE20}.Release|x86.Build.0 = Release|Win32
		{018596CA-ED85-4125-8C52-720DE6AE1D20}.Debug|x64.ActiveCfg = Debug|x64
		{018596CA-ED85-4125-8C52-720DE6AE1D20}.Debug|x64.Build.0 = Debug|x64
		{018596CA-ED85-4125-8C52-720DE6AE1D20}.Debug|x86.ActiveCfg = Debug|Win32
		{018596CA-ED85-4125-8C52-720DE6AE1D20}.Debug|x86.Build.0 = Debug|Win32
		{018596CA-ED85-4125-8C52-720DE6AE1D20}.Release|x64.ActiveCfg = Release|x64
		{018596CA-ED85-4125-8C52-720DE6AE1D20}.Release|x64.Build.0 = Release|x64
		{018596CA-ED85-4125-8C52-720DE6AE1D20}.Release|x86.ActiveCfg = Release|Win32
		{018596CA-ED85-4125-8C52-720DE6AE1D20}.Release|x86.Build.0 = Release|Win32
		{9E9B2D30-A5EC-4B99-8E03-2D8B97D1B557}.Debug|x64.ActiveCfg = Debug|x64
		{9E9B2D30-A5EC-4B99-8E03-2D8B97D1B557}.Debug|x64.Build.0 = Debug|x64
		{9E9B2D30-A5EC-4B99-8E03-2D8B97D1B557}.Debug|x86.ActiveCfg = Debug|Win32
		{9E9B2D30-A5EC-4B99-8E03-2D8B97D1B557}.Debug|x86.Build.0 = Debug|Win32
		{9E9B2D30-A5EC-4B99-8E03-2D8B97D1B557}.Release|x64.ActiveCfg = Release|x64
		{9E9B2D30-A5EC-4B99-8E03-2D8B97D1B557}.Release|x64.Build.0 = Release|x64
		{9E9B2D30-A5EC-4B99-8E03-2D8B97D1B557}.Release|x86.ActiveCfg = Release|Win32
		{9E9B2D30-A5EC-4B99-8E03-2D8B97D1B557}.Release|x86.Build.0 = Release|Win32
		{1DAD8336-8565-4FD1-B28E-638F84AA1895}.Debug|x64.ActiveCfg = Debug|x64
		{1DAD8336-8565-4FD1-B28E-638F84AA1895}.Debug|x64.Build.0 = Debug|x64
		{1DAD8336-8565-4FD1-B28E-638F84AA1895}.Debug|x86.ActiveCfg = Debug|Win32
		{1DAD8336-8565-4FD1-B28E-638F84AA1895}.Debug|x86.Build.0 = Debug|Win32
		{1DAD8336-8565-4FD1-B28E-638F84AA1895}.Release|x64.ActiveCfg = Release|x64
		{1DAD8336-8565-4FD1-B28E-638F84AA1895}.Release|x64.Build.0 = Release|x64
		{1DAD8336-8565-4FD1-B28E-638F84AA1895}.Release|x86.ActiveCfg = Release|Win32
		{1DAD8336-8565-4FD1-B28E-638F84AA1895}.Release|x86.Build.0 = Release|Win32
		{95A2AD04-8A87-49DD-A57A-D423C1FE84BB}.Debug|x64.ActiveCfg = Debug|x64
		{95A2AD04-8A87-49DD-A57A-D423C1FE84BB}.Debug|x64.Build.0 = Debug|x64
		{95A2AD04-8A87-49DD-A57A-D423C1FE84BB}.Debug|x86.ActiveCfg = Debug|Win32
		{95A2AD04-8A87-49DD-A57A-D423C1FE84BB}.Debug|x86.Build.0 = Debug|Win32
		{95A2AD04-8A87-49DD-A57A-D423C1FE84BB}.Release|x64.ActiveCfg = Release|x64
		{95A2AD04-8A87-49DD-A57A-D423C1FE84BB}.Release|x64.Build.0 = Release|x64
		{95A2AD04-8A87-49DD-A57A-D423C1FE84BB}.Release|x86.ActiveCfg = Release|Win32
		{95A2AD04-8A87-49DD-A57A-D423C1FE84BB}.Release|x86.Build.0 = Release|Win32
		{FCC9AFBB-7D61-4888-9957-9EB881882789}.Debug|x64.ActiveCfg = Debug|x64
		{FCC9AFBB-7D61-4888-9957-9EB881882789}.Debug|x64.Build.0 = Debug|x64
		{FCC9AFBB-7D61-4888-9957-9EB881882789}.Debug|x86.ActiveCfg = Debug|Win32
		{FCC9AFBB-7D61-4888-9957-9EB881882789}.Debug|x86.Build.0 = Debug|Win32
		{FCC9AFBB-7D61-4888-9957-9EB881882789}.Release|x64.ActiveCfg = Release|x64
		{FCC9AFBB-7D61-4888-9957-9EB881882789}.Release|x64.Build.0 = Release|x64
		{FCC9AFBB-7D61-4888-9957-9EB881882789}.Release|x86.ActiveCfg = Release|Win32
		{FCC9AFBB-7D61-4888-9957-9EB881882789}.Release|x86.Build.0 = Release|Win32
		{BA0FC890-5419-4E30-85CE-AEBB123E244A}.Debug|x64.ActiveCfg = Debug|x64
		{BA0FC890-5419-4E30-85CE-AEBB123E244A}.Debug|x64.Build.0 = Debug|x64
		{BA0FC890-5419-4E30-85CE-AEBB123E244A}.Debug|x86.ActiveCfg = Debug|Win32
		{BA0FC890-5419-4E30-85CE-AEBB123E244A}.Debug|x86.Build.0 = Debug|Win32
		{BA0FC890-5419-4E30-85CE-AEBB123E244A}.Release|x64.ActiveCfg = Release|x64
		{BA0FC890-5419-4E30-85CE-AEBB123E244A}.Release|x64.Build.0 = Release|x64
		{BA0FC890-5419-4E30-85CE-AEBB123E244A}.Release|x86.ActiveCfg = Release|Win32
		{BA0FC890-5419-4E30-85CE-AEBB123E244A}.Release|x86.Build.0 = Release|Win32
		{9A0D6096-B539-4B06-8836-D63782384937}.Debug|x64.ActiveCfg = Debug|x64
		{9A0D6096-B539-4B06-8836-D63782384937}.Debug|x64.Build.0 = Debug|x64
		{9A0D6096-B539-4B06-8836-D63782384937}.Debug|x86.ActiveCfg = Debug|Win32
		{9A0D6096-B539-4B06-8836-D63782384937}.Debug|x86.Build.0 = Debug|Win32
		{9A0D6096-B539-4B06-8836-D63782384937}.Release|x64.ActiveCfg = Release|x64
		{9A0D6096-B539-4B06-8836-D63782384937}.Release|x64.Build.0 = Release|x64
		{9A0D6096-B539-4B06-8836-D63782384937}.Release|x86.ActiveCfg = Release|Win32
		{9A0D6096-B539-4B06-8836-D63782384937}.Release|x86.Build.0 = Release|Win32
		{D16222EA-6FF2-4F82-9F05-69FEA91A1AC1}.Debug|x64.ActiveCfg = Debug|x64
		{D16222EA-6FF2-4F82-9F05-69FEA91A1AC1}.Debug|x64.Build.0 = Debug|x64
		{D16222EA-6FF2-4F82-9F05-69FEA91A1AC1}.Debug|x86.ActiveCfg = Debug|Win32
		{D16222EA-6FF2-4F82-9F05-69FEA91A1AC1}.Debug|x86.Build.0 = Debug|Win32
		{D16222EA-6FF2-4F82-9F05-69FEA91A1AC1}.Release|x64.ActiveCfg = Release|x64
		{D16222EA-6FF2-4F82-9F05-69FEA91A1AC1}.Release|x64.Build.0 = Release|x64
		{D16222EA-6FF2-4F82-9F05-69FEA91A1AC1}.Release|x86.ActiveCfg = Release|Win32
		{D16222EA-6FF2-4F82-9F05-69FEA91A1AC1}.Release|x86.Build.0 = Release|Win32
		{43388538-6EBB-488F-A1F4-3C35881253A7}.Debug|x64.ActiveCfg = Debug|x64
		{43388538-6EBB-488F-A1F4-3C35881253A7}.Debug|x64.Build.0 = Debug|x64
		{43388538-6EBB-488F-A1F4-3C35881253A7}.Debug|x86.ActiveCfg = Debug|Win32
		{43388538-6EBB-488F-A1F4-3C35881253A7}.Debug|x86.Build.0 = Debug|Win32
		{43388538-6EBB-488F-A1F4-3C35881253A7}.Release|x64.ActiveCfg = Release|x64
		{43388538-6EBB-488F-A1F4-3C35881253A7}.Release|x64.Build.0 = Release|x64
		{43388538-6EBB-488F-A1F4-3C35881253A7}.Release|x86.ActiveCfg = Release|Win32
		{43388538-6EBB-488F-A1F4-3C35881253A7}.Release|x86.Build.0 = Release|Win32
		{B7A692E0-8101-4095-9CF2-2DD7417EE51D}.Debug|x64.ActiveCfg = Debug|x64
		{B7A692E0-8101-4095-9CF2-2DD7417EE51D}.Debug|x64.Build.0 = Debug|x64
		{B7A692E0-8101-4095-9CF2-2DD7417EE51D}.Debug|x86.ActiveCfg = Debug|Win32
		{B7A692E0-8101-4095-9CF2-2DD7417EE51D}.Debug|x86.Build.0 = Debug|Win32
		{B7A692E0-8101-4095-9CF2-2DD7417EE51D}.Release|x64.ActiveCfg = Release|x64
		{B7A692E0-8101-4095-9CF2-2DD7417EE51D}.Release|x64.Build.0 = Release|x64
		{B7A692E0-8101-4095-9CF2-2DD7417EE51D}.Release|x86.ActiveCfg = Release|Win32
		{B7A692E0-8101-4095-9CF2-2DD7417EE51D}.Release|x86.Build.0 = Release|Win32
		{E32F8C1F-75C6-487F-BA53-EAD5153D5E4D}.Debug|x64.ActiveCfg = Debug|x64
		{E32F8C1F-75C6-487F-BA53-EAD5153D5E4D}.Debug|x64.Build.0 = Debug|x64
		{E32F8C1F-75C6-487F-BA53-EAD5153D5E4D}.Debug|x86.ActiveCfg = Debug|Win32
		{E32F8C1F-75C6-487F-BA53-EAD5153D5E4D}.Debug|x86.Build.0 = Debug|Win32
		{E32F8C1F-75C6-487F-BA53-EAD5153D5E4D}.Release|x64.ActiveCfg = Release|x64
		{E32F8C1F-75C6-487F-BA53-EAD5153D5E4D}.Release|x64.Build.0 = Release|x64
		{E32F8C1F-75C6-487F-BA53-EAD5153D5E4D}.Release|x86.ActiveCfg = Release|Win32
		{E32F8C1F-75C6-487F-BA53-EAD5153D5E4D}.Release|x86.Build.0 = Release|Win32
		{AAF4D3D5-4479-4928-9E8D-221035CC01F8}.Debug|x64.ActiveCfg = Debug|x64
		{AAF4D3D5-4479-4928-9E8D-221035CC01F8}.Debug|x64.Build.0 = Debug|x64
		{AAF4D3D5-4479-4928-9E8D-221035CC01F8}.Debug|x86.ActiveCfg = Debug|Win32
		{AAF4D3D5-4479-4928-9E8D-221035CC01F8}.Debug|x86.Build.0 = Debug|Win32
		{AAF4D3D5-4479-4928-9E8D-221035CC01F8}.Release|x64.ActiveCfg = Release|x64
		{AAF4D3D5-4479-4928-9E8D-221035CC01F8}.Release|x64.Build.0 = Release|x64
		{AAF4D3D5-4479-4928-9E8D-221035CC01F8}.Release|x86.ActiveCfg = Release|Win32
		{AAF4D3D5-4479-4928-9E8D-221035CC01F8}.Release|x86.Build.0 = Release|Win32
		{46F98102-4460-40AD-B7D0-64D6622FBEE2}.Debug|x64.ActiveCfg = Debug|x64
		{46F98102-4460-40AD-B7D0-64D6622FBEE2}.Debug|x64.Build.0 = Debug|x64
		{46F98102-4460-40AD-B7D0-64D6622FBEE2}.Debug|x86.ActiveCfg = Debug|Win32
		{46F98102-4460-40AD-B7D0-64D6622FBEE2}.Debug|x86.Build.0 = Debug|Win32
		{46F98102-4460-40AD-B7D0-64D6622FBEE2}.Release|x64.ActiveCfg = Release|x64
		{46F98102-4460-40AD-B7D0-64D6622FBEE2}.Release|x64.Build.0 = Release|x64
		{46F98102-4460-40AD-B7D0-64D6622FBEE2}.Release|x86.ActiveCfg = Release|Win32
		{46F98102-4460-40AD-B7D0-64D6622FBEE2}.Release|x86.Build.0 = Release|Win32
		{311602A5-D367-4EEA-9CA8-F254F667A4F5}.Debug|x64.ActiveCfg = Debug|x64
		{311602A5-D367-4EEA-9CA8-F254F667A4F5}.Debug|x64.Build.0 = Debug|x64
		{311602A5-D367-4EEA-9CA8-F254F667A4F5}.Debug|x86.ActiveCfg = Debug|Win32
		{311602A5-D367-4EEA-9CA8-F254F667A4F5}.Debug|x86.Build.0 = Debug|Win32
		{311602A5-D367-4EEA-9CA8-F254F667A4F5}.Release|x64.ActiveCfg = Release|x64
		{311602A5-D367-4EEA-9CA8-F254F667A4F5}.Release|x64.Build.0 = Release|x64
		{311602A5-D367-4EEA-9CA8-F254F667A4F5}.Release|x86.ActiveCfg = Release|Win32
		{311602A5-D367-4EEA-9CA8-F254F667A4F5}.Release|x86.Build.0 = Release|Win32
		{4F0E193B-6CFA-43C5-AFE5-A89A0D3DBA1B}.Debug|x64.ActiveCfg = Debug|x64
		{4F0E193B-6CFA-43C5-AFE5-A89A0D3DBA1B}.Debug|x64.Build.0 = Debug|x64
		{4F0E193B-6CFA-43C5-AFE5-A89A0D3DBA1B}.Debug|x86.ActiveCfg = Debug|Win32
		{4F0E193B-6CFA-43C5-AFE5-A89A0D3DBA1B}.Debug|x86.Build.0 = Debug|Win32
		{4F0E193B-6CFA-43C5-AFE5-A89A0D3DBA1B}.Release|x64.ActiveCfg = Release|x64
		{4F0E193B-6CFA-43C5-AFE5-A89A0D3DBA1B}.Release|x64.Build.0 = Release|x64
		{4F0E193B-6CFA-43C5-AFE5-A89A0D3DBA1B}.Release|x86.ActiveCfg = Release|Win32
		{4F0E193B-6CFA-43C5-AFE5-A89A0D3DBA1B}.Release|x86.Build.0 = Release|Win32
		{A400735E-2D94-4C49-B8B9-3215B32BD7B3}.Debug|x64.ActiveCfg = Debug|x64
		{A400735E-2D94-4C49-B8B9-3215B32BD7B3}.Debug|x64.Build.0 = Debug|x64
		{A400735E-2D94-4C49-B8B9-3215B32BD7B3}.Debug|x86.ActiveCfg = Debug|Win32
		{A400735E-2D94-4C49-B8B9-3215B32BD7B3}.Debug|x86.Build.0 = Debug|Win32
		{A400735E-2D94-4C49-B8B9-3215B32BD7B3}.Release|x64.ActiveCfg = Release|x64
		{A400735E-2D94-4C49-B8B9-3215B32BD7B3}.Release|x64.Build.0 = Release|x64
		{A400735E-2D94-4C49-B8B9-3215B32BD7B3}.Release|x86.ActiveCfg = Release|Win32
		{A400735E-2D94-4C49-B8B9-3215B32BD7B3}.Release|x86.Build.0 = Release|Win32
		{792A93EA-970E-4C08-81D6-7386604CFEE0}.Debug|x64.ActiveCfg = Debug|x64
		{792A93EA-970E-4C08-81D6-7386604CFEE0}.Debug|x64.Build.0 = Debug|x64
		{792A93EA-970E-4C08-81D6-7386604CFEE0}.Debug|x86.ActiveCfg = Debug|Win32
		{792A93EA-970E-4C08-81D6-7386604CFEE0}.Debug|x86.Build.0 = Debug|Win32
		{792A93EA-970E-4C08-81D6-7386604CFEE0}.Release|x64.ActiveCfg = Release|x64
		{792A93EA-970E-4C08-81D6-7386604CFEE0}.Release|x64.Build.0 = Release|x64
		{792A93EA-970E-4C08-81D6-7386604CFEE0}.Release|x86.ActiveCfg = Release|Win32
		{792A93EA-970E-4C08-81D6-7386604CFEE0}.Release|x86.Build.0 = Release|Win32
		{144CA5EF-B69B-4DBB-A7F4-E54B72337707}.Debug|x64.ActiveCfg = Debug|x64
		{144CA5EF-B69B-4DBB-A7F4-E54B72337707}.Debug|x64.Build.0 = Debug|x64
		{144CA5EF-B69B-4DBB-A7F4-E54B72337707}.Debug|x86.ActiveCfg = Debug|Win32
		{144CA5EF-B69B-4DBB-A7F4-E54B72337707}.Debug|x86.Build.0 = Debug|Win32
		{144CA5EF-B69B-4DBB-A7F4-E54B72337707}.Release|x64.ActiveCfg = Release|x64
		{144CA5EF-B69B-4DBB-A7F4-E54B72337707}.Release|x64.Build.0 = Release|x64
		{144CA5EF-B69B-4DBB-A7F4-E54B72337707}.Release|x86.ActiveCfg = Release|Win32
		{144CA5EF-B69B-4DBB-A7F4-E54B72337707}.Release|x86.Build.0 = Release|Win32
		{08594AD3-6DB3-4A29-9934-3D484C7AD163}.Debug|x64.ActiveCfg = Debug|x64
		{08594AD3-6DB3-4A29-9934-3D484C7AD163}.Debug|x64.Build.0 = Debug|x64
		{08594AD3-6DB3-4A29-9934-3D484C7AD163}.Debug|x86.ActiveCfg = Debug|Win32
		{08594AD3-6DB3-4A29-9934-3D484C7AD163}.Debug|x86.Build.0 = Debug|Win32
		{08594AD3-6DB3-4A29-9934-3D484C7AD163}.Release|x64.ActiveCfg = Release|x64
		{08594AD3-6DB3-4A29-9934-3D484C7AD163}.Release|x64.Build.0 = Release|x64
		{08594AD3-6DB3-4A29-9934-3D484C7AD163}.Release|x86.ActiveCfg = Release|Win32
		{08594AD3-6DB3-4A29-9934-3D484C7AD163}.Release|x86.Build.0 = Release|Win32
		{07AFB849-8FBF-490A-93C6-6E5FD4B474B9}.Debug|x64.ActiveCfg = Debug|x64
		{07AFB849-8FBF-490A-93C6-6E5FD4B474B9}.Debug|x64.Build.0 = Debug|x64
		{07AFB849-8FBF-490A-93C6-6E5FD4B474B9}.Debug|x86.ActiveCfg = Debug|Win32
		{07AFB849-8FBF-490A-93C6-6E5FD4B474B9}.Debug|x86.Build.0 = Debug|Win32
		{07AFB849-8FBF-490A-93C6-6E5FD4B474B9}.Release|x64.ActiveCfg = Release|x64
		{07AFB849-8FBF-490A-93C6-6E5FD4B474B9}.Release|x64.Build.0 = Release|x64
		{07AFB849-8FBF-490A-93C6-6E5FD4B474B9}.Release|x86.ActiveCfg = Release|Win32
		{07AFB849-8FBF-490A-93C6-6E5FD4B474B9}.Release|x86.Build.0 = Release|Win32
		{A23E31EE-2C5A-4B7B-AABB-DDA8D0DADD54}.Debug|x64.ActiveCfg = Debug|x64
		{A23E31EE-2C5A-4B7B-AABB-DDA8D0DADD54}.Debug|x64.Build.0 = Debug|x64
		{A23E31EE-2C5A-4B7B-AABB-DDA8D0DADD54}.Debug|x86.ActiveCfg = Debug|Win32
		{A23E31EE-2C5A-4B7B-AABB-DDA8D0DADD54}.Debug|x86.Build.0 = Debug|Win32
		{A23E31EE-2C5A-4B7B-AABB-DDA8D0DADD54}.Release|x64.ActiveCfg = Release|x64
		{A23E31EE-2C5A-4B7B-AABB-DDA8D0DADD54}.Release|x64.Build.0 = Release|x64
		{A23E31EE-2C5A-4B7B-AABB-DDA8D0DADD54}.Release|x86.ActiveCfg = Release|Win32
		{A23E31EE-2C5A-4B7B-AABB-DDA8D0DADD54}.Release|x86.Build.0 = Release|Win32
		{FBE2B8F9-0AFA-4581-8921-1E2077E78E7E}.Debug|x64.ActiveCfg = Debug|x64
		{FBE2B8F9-0AFA-4581-8921-1E2077E78E7E}.Debug|x64.Build.0 = Debug|x64
		{FBE2B8F9-0AFA-4581-8921-1E2077E78E7E}.Debug|x86.ActiveCfg = Debug|Win32
		{FBE2B8F9-0AFA-4581-8921-1E2077E78E7E}.Debug|x86.Build.0 = Debug|Win32
		{FBE2B8F9-0AFA-4581-8921-1E2077E78E7E}.Release|x64.ActiveCfg = Release|x64
		{FBE2B8F9-0AFA-4581-8921-1E2077E78E7E}.Release|x64.Build.0 = Release|x64
		{FBE2B8F9-0AFA-4581-8921-1E2077E78E7E}.Release|x86.ActiveCfg = Release|Win32
		{FBE2B8F9-0AFA-4581-8921-1E2077E78E7E}.Release|x86.Build.0 = Release|Win32
		{9E066F64-9B35-4EAD-9BBE-95D9A1901AB7}.Debug|x64.ActiveCfg = Debug|x64
		{9E066F64-9B35-4EAD-9BBE-95D9A1901AB7}.Debug|x64.Build.0 = Debug|x64
		{9E066F64-9B35-4EAD-9BBE-95D9A1901AB7}.Debug|x86.ActiveCfg = Debug|Win32
		{9E066F64-9B35-4EAD-9BBE-95D9A1901AB7}.Debug|x86.Build.0 = Debug|Win32
		{9E066F64-9B35-4EAD-9BBE-95D9A1901AB7}.Release|x64.ActiveCfg = Release|x64
		{9E066F64-9B35-4EAD-9BBE-95D9A1901AB7}.Release|x64.Build.0 = Release|x64
		{9E066F64-9B35-4EAD-9BBE-95D9A1901AB7}.Release|x86.ActiveCfg = Release|Win32
		{9E066F64-9B35-4EAD-9BBE-95D9A1901AB7}.Release|x86.Build.0 = Release|Win32
		{CA540385-4FBC-47DD-A1EC-D606AE47098D}.Debug|x64.ActiveCfg = Debug|x64
		{CA540385-4FBC-47DD-A1EC-D606AE47098D}.Debug|x64.Build.0 = Debug|x64
		{CA540385-4FBC-47DD-A1EC-D606AE47098D}.Debug|x86.ActiveCfg = Debug|Win32
		{CA540385-4FBC-47DD-A1EC-D606AE47098D}.Debug|x86.Build.0 = Debug|Win32
		{CA540385-4FBC-47DD-A1EC-D606AE47098D}.Release|x64.ActiveCfg = Release|x64
		{CA540385-4FBC-47DD-A1EC-D606AE47098D}.Release|x64.Build.0 = Release|x64
		{CA540385-4FBC-47DD-A1EC-D606AE47098D}.Release|x86.ActiveCfg = Release|Win32
		{CA540385-4FBC-47DD-A1EC-D606AE47098D}.Release|x86.Build.0 = Release|Win32
		{BE9A947D-978A-4B85-9F54-F4CAED10A628}.Debug|x64.ActiveCfg = Debug|x64
		{BE9A947D-978A-4B85-9F54-F4CAED10A628}.Debug|x64.Build.0 = Debug|x64
		{BE9A947D-978A-4B85-9F54-F4CAED10A628}.Debug|x86.ActiveCfg = Debug|Win32
		{BE9A947D-978A-4B85-9F54-F4CAED10A628}.Debug|x86.Build.0 = Debug|Win32
		{BE9A947D-978A-4B85-9F54-F4CAED10A628}.Release|x64.ActiveCfg = Release|x64
		{BE9A947D-978A-4B85-9F54-F4CAED10A628}.Release|x64.Build.0 = Release|x64
		{BE9A947D-978A-4B85-9F54-F4CAED10A628}.Release|x86.ActiveCfg = Release|Win32
		{BE9A947D-978A-4B85-9F54-F4CAED10A628}.Release|x86.Build.0 = Release|Win32
		{999BF9FA-038D-43A7-A8A8-B62B39D318B4}.Debug|x64.ActiveCfg = Debug|x64
		{999BF9FA-038D-43A7-A8A8-B62B39D318B4}.Debug|x64.Build.0 = Debug|x64
		{999BF9FA-038D-43A7-A8A8-B62B39D318B4}.Debug|x86.ActiveCfg = Debug|Win32
		{999BF9FA-038D-43A7-A8A8-B62B39D318B4}.Debug|x86.Build.0 = Debug|Win32
		{999BF9FA-038D-43A7-A8A8-B62B39D318B4}.Release|x64.ActiveCfg = Release|x64
		{999BF9FA-038D-43A7-A8A8-B62B39D318B4}.Release|x64.Build.0 = Release|x64
		{999BF9FA-038D-43A7-A8A8-B62B39D318B4}.Release|x86.ActiveCfg = Release|Win32
		{999BF9FA-038D-43A7-A8A8-B62B39D318B4}.Release|x86.Build.0 = Release|Win32
		{F39E930E-C188-407A-9616-11BF91C7422D}.Debug|x64.ActiveCfg = Debug|x64
		{F39E930E-C188-407A-9616-11BF91C7422D}.Debug|x64.Build.0 = Debug|x64
		{F39E930E-C188-407A-9616-11BF91C7422D}.Debug|x86.ActiveCfg = Debug|Win32
		{F39E930E-C188-407A-9616-11BF91C7422D}.Debug|x86.Build.0 = Debug|Win32
		{F39E930E-C188-407A-9616-11BF91C7422D}.Release|x64.ActiveCfg = Release|x64
		{F39E930E-C188-407A-9616-11BF91C7422D}.Release|x64.Build.0 = Release|x64
		{F39E930E-C188-407A-9616-11BF91C7422D}.Release|x86.ActiveCfg = Release|Win32
		{F39E930E-C188-407A-9616-11BF91C7422D}.Release|x86.Build.0 = Release|Win32
		{FF587327-FF90-485E-AB7D-B2E5B8775D51}.Debug|x64.ActiveCfg = Debug|x64
		{FF587327-FF90-485E-AB7D-B2E5B8775D51}.Debug|x64.Build.0 = Debug|x64
		{FF587327-FF90-485E-AB7D-B2E5B8775D51}.Debug|x86.ActiveCfg = Debug|Win32
		{FF587327-FF90-485E-AB7D-B2E5B8775D51}.Debug|x86.Build.0 = Debug|Win32
		{FF587327-FF90-485E-AB7D-B2E5B8775D51}.Release|x64.ActiveCfg = Release|x64
		{FF587327-FF90-485E-AB7D-B2E5B8775D51}.Release|x64.Build.0 = Release|x64
		{FF587327-FF90-485E-AB7D-B2E5B8775D51}.Release|x86.ActiveCfg = Release|Win32
		{FF587327-FF90-485E-AB7D-B2E5B8775D51}.Release|x86.Build.0 = Release|Win32
		{53AAAD7D-036E-46A3-AC34-6A21E18D4D2F}.Debug|x64.ActiveCfg = Debug|x64
		{53AAAD7D-036E-46A3-AC34-6A21E18D4D2F}.Debug|x64.Build.0 = Debug|x64
		{53AAAD7D-036E-46A3-AC34-6A21E18D4D2F}.Debug|x86.ActiveCfg = Debug|Win32
		{53AAAD7D-036E-46A3-AC34-6A21E18D4D2F}.Debug|x86.Build.0 = Debug|Win32
		{53AAAD7D-036E-46A3-AC34-6A21E18D4D2F}.Release|x64.ActiveCfg = Release|x64
		{53AAAD7D-036E-46A3-AC34-6A21E18D4D2F}.Release|x64.Build.0 = Release|x64
		{53AAAD7D-036E-46A3-AC34-6A21E18D4D2F}.Release|x86.ActiveCfg = Release|Win32
		{53AAAD7D-036E-46A3-AC34-6A21E18D4D2F}.Release|x86.Build.0 = Release|Win32
		{0BA2990E-B0B3-411A-9A1D-AEDB9A6B401D}.Debug|x64.ActiveCfg = Debug|x64
		{0BA2990E-B0B3-411A-9A1D-AEDB9A6B401D}.Debug|x64.Build.0 = Debug|x64
		{0BA2990E-B0B3-411A-9A1D-AEDB9A6B401D}.Debug|x86.ActiveCfg = Debug|Win32
		{0BA2990E-B0B3-411A-9A1D-AEDB9A6B401D}.Debug|x86.Build.0 = Debug|Win32
		{0BA2990E-B0B3-411A-9A1D-AEDB9A6B401D}.Release|x64.ActiveCfg = Release|x64
		{0BA2990E-B0B3-411A-9A1D-AEDB9A6B401D}.Release|x64.Build.0 = Release|x64
		{0BA2990E-B0B3-411A-9A1D-AEDB9A6B401D}.Release|x86.ActiveCfg = Release|Win32
		{0BA2990E-B0B3-411A-9A1D-AEDB9A6B401D}.Release|x86.Build.0 = Release|Win32
	EndGlobalSection
	GlobalSection(SolutionProperties) = preSolution
		HideSolutionNode = FALSE
	EndGlobalSection
EndGlobal
